
Microsoft Visual Studio Solution File, Format Version 11.00
# Visual Studio 2010
Project("{FAE04EC0-301F-11D3-BF4B-00C04F79EFBC}") = "TadahLauncher", "TadahLauncher.csproj", "{1192C9D7-B56A-47A9-B429-8EA3C3168BED}"
EndProject
Global
	GlobalSection(SolutionConfigurationPlatforms) = preSolution
		Debug|Any CPU = Debug|Any CPU
		Release|Any CPU = Release|Any CPU
	EndGlobalSection
	GlobalSection(ProjectConfigurationPlatforms) = postSolution
		{1192C9D7-B56A-47A9-B429-8EA3C3168BED}.Debug|Any CPU.ActiveCfg = Debug|Any CPU
		{1192C9D7-B56A-47A9-B429-8EA3C3168BED}.Debug|Any CPU.Build.0 = Debug|Any CPU
		{1192C9D7-B56A-47A9-B429-8EA3C3168BED}.Release|Any CPU.ActiveCfg = Release|Any CPU
		{1192C9D7-B56A-47A9-B429-8EA3C3168BED}.Release|Any CPU.Build.0 = Release|Any CPU
	EndGlobalSection
	GlobalSection(SolutionProperties) = preSolution
		HideSolutionNode = FALSE
	EndGlobalSection
EndGlobal
